
Microsoft Visual Studio Solution File, Format Version 12.00
# Visual Studio Version 16
VisualStudioVersion = 16.0.808.4
MinimumVisualStudioVersion = 10.0.40219.1
Project("{FAE04EC0-301F-11D3-BF4B-00C04F79EFBC}") = "c_sharp_core_ppt4_hw", "c_sharp_core_ppt4_hw\c_sharp_core_ppt4_hw.csproj", "{D0ADABD0-F2CC-4731-A1CA-4BCFF0D960D1}"
EndProject
Global
	GlobalSection(SolutionConfigurationPlatforms) = preSolution
		Debug|Any CPU = Debug|Any CPU
		Release|Any CPU = Release|Any CPU
	EndGlobalSection
	GlobalSection(ProjectConfigurationPlatforms) = postSolution
		{D0ADABD0-F2CC-4731-A1CA-4BCFF0D960D1}.Debug|Any CPU.ActiveCfg = Debug|Any CPU
		{D0ADABD0-F2CC-4731-A1CA-4BCFF0D960D1}.Debug|Any CPU.Build.0 = Debug|Any CPU
		{D0ADABD0-F2CC-4731-A1CA-4BCFF0D960D1}.Release|Any CPU.ActiveCfg = Release|Any CPU
		{D0ADABD0-F2CC-4731-A1CA-4BCFF0D960D1}.Release|Any CPU.Build.0 = Release|Any CPU
	EndGlobalSection
	GlobalSection(SolutionProperties) = preSolution
		HideSolutionNode = FALSE
	EndGlobalSection
	GlobalSection(ExtensibilityGlobals) = postSolution
		SolutionGuid = {E189BEA0-6228-4C8A-B711-76A37DEFCE4B}
	EndGlobalSection
EndGlobal
