
Microsoft Visual Studio Solution File, Format Version 12.00
# Visual Studio Version 16
VisualStudioVersion = 16.0.808.4
MinimumVisualStudioVersion = 10.0.40219.1
Project("{FAE04EC0-301F-11D3-BF4B-00C04F79EFBC}") = "hw4", "hw4.csproj", "{A241163A-C166-46C6-870F-80B9F6A9E603}"
EndProject
Global
	GlobalSection(SolutionConfigurationPlatforms) = preSolution
		Debug|anycpu = Debug|anycpu
		Release|anycpu = Release|anycpu
	EndGlobalSection
	GlobalSection(ProjectConfigurationPlatforms) = postSolution
		{A241163A-C166-46C6-870F-80B9F6A9E603}.Debug|anycpu.ActiveCfg = Debug|anycpu
		{A241163A-C166-46C6-870F-80B9F6A9E603}.Debug|anycpu.Build.0 = Debug|anycpu
		{A241163A-C166-46C6-870F-80B9F6A9E603}.Release|anycpu.ActiveCfg = Release|anycpu
		{A241163A-C166-46C6-870F-80B9F6A9E603}.Release|anycpu.Build.0 = Release|anycpu
	EndGlobalSection
	GlobalSection(SolutionProperties) = preSolution
		HideSolutionNode = FALSE
	EndGlobalSection
	GlobalSection(ExtensibilityGlobals) = postSolution
		SolutionGuid = {FC1D6244-B396-4802-BC8E-FB1FDE6D48CE}
	EndGlobalSection
EndGlobal
